# This file is automatically @generated by Cargo.
# It is not intended for manual editing.
version = 4

[[package]]
name = "gecko_tb"
version = "0.1.0"
dependencies = [
 "rustdv",
 "rustdv-vpi-stubs",
]

[[package]]
name = "mem_tb"
version = "0.1.0"
dependencies = [
 "rustdv",
 "rustdv-vpi-stubs",
]

[[package]]
name = "rustdv"
version = "0.2.0"
source = "registry+https://github.com/rust-lang/crates.io-index"
checksum = "b8e5e76f2752d0a44453724f9dab9f29083b20dd753b3aa42c388ebb40b1fa11"
dependencies = [
 "rustdv-gpi",
 "rustdv-macros",
 "rustdv-methodology",
 "rustdv-runner",
 "rustdv-sim",
]

[[package]]
name = "rustdv-gpi"
version = "0.2.0"
source = "registry+https://github.com/rust-lang/crates.io-index"
checksum = "c9065f70f05788b9a2d60e9e47d882fe8d6b51986f3722b491590d0eda4935a1"
dependencies = [
 "rustdv-gpi-sys",
]

[[package]]
name = "rustdv-gpi-sys"
version = "0.2.0"
source = "registry+https://github.com/rust-lang/crates.io-index"
checksum = "b00cd5e30d1f97188c03b042f8eacd1f4ec8e0777f1e7cd8969af4f6f8cb06c9"

[[package]]
name = "rustdv-macros"
version = "0.2.0"
source = "registry+https://github.com/rust-lang/crates.io-index"
checksum = "94f717a8fb7315dd6e3e93da8d0bb685665bf71456f7c424303b20111f0873e7"

[[package]]
name = "rustdv-methodology"
version = "0.2.0"
source = "registry+https://github.com/rust-lang/crates.io-index"
checksum = "3edd7ca6952fa750c6f574971449d410ca1d39106c779c92b75fcaae0ef32b24"
dependencies = [
 "rustdv-sim",
]

[[package]]
name = "rustdv-runner"
version = "0.2.0"
source = "registry+https://github.com/rust-lang/crates.io-index"
checksum = "32f2f5f7a060e7d5eaa78bb55db29628fd960dd4f2006f246a4d0903f7a00c4d"
dependencies = [
 "rustdv-gpi",
 "rustdv-methodology",
 "rustdv-sim",
]

[[package]]
name = "rustdv-sim"
version = "0.2.0"
source = "registry+https://github.com/rust-lang/crates.io-index"
checksum = "0d8ded06a0b7b92a73887859d814255362c2d593f9f5516b39b6eb22909cff2d"
dependencies = [
 "rustdv-gpi",
]

[[package]]
name = "rustdv-vpi-stubs"
version = "0.2.0"
source = "registry+https://github.com/rust-lang/crates.io-index"
checksum = "f3cff60aa51f1285a42bbe53c6635d2d09adf7f981f9a4cedc77f38db9af6a4d"
dependencies = [
 "rustdv-gpi-sys",
]

[[package]]
name = "stream_tb"
version = "0.1.0"
dependencies = [
 "rustdv",
 "rustdv-vpi-stubs",
]
