# This file is automatically @generated by Cargo.
# It is not intended for manual editing.
version = 4

[[package]]
name = "autocfg"
version = "1.5.1"
source = "registry+https://github.com/rust-lang/crates.io-index"
checksum = "f2032f911046de80f0a198e0901378627c33f59ea0ac00e363d481118bd70a53"

[[package]]
name = "downcast-rs"
version = "1.2.1"
source = "registry+https://github.com/rust-lang/crates.io-index"
checksum = "75b325c5dbd37f80359721ad39aca5a29fb04c89279657cffdda8736d0c0b9d2"

[[package]]
name = "equivalent"
version = "1.0.2"
source = "registry+https://github.com/rust-lang/crates.io-index"
checksum = "877a4ace8713b0bcf2a4e7eec82529c029f1d0619886d18145fea96c3ffe5c0f"

[[package]]
name = "gecko_random_tb"
version = "0.1.0"
dependencies = [
 "rrs-lib",
 "rustdv",
 "rustdv-vpi-stubs",
 "rustdv_utils",
]

[[package]]
name = "gecko_tb"
version = "0.1.0"
dependencies = [
 "indiscriminant",
 "num-bigint",
 "rustdv",
 "rustdv-vpi-stubs",
 "rustdv_utils",
]

[[package]]
name = "hashbrown"
version = "0.17.1"
source = "registry+https://github.com/rust-lang/crates.io-index"
checksum = "ed5909b6e89a2db4456e54cd5f673791d7eca6732202bbf2a9cc504fe2f9b84a"

[[package]]
name = "indexmap"
version = "2.14.1"
source = "registry+https://github.com/rust-lang/crates.io-index"
checksum = "07aa2048142242915a31d35844fb311e0e53fcca590c3a0a40dcf1b841fa09eb"
dependencies = [
 "equivalent",
 "hashbrown",
]

[[package]]
name = "indiscriminant"
version = "0.5.0"
source = "registry+https://github.com/rust-lang/crates.io-index"
checksum = "9f59616bae3bbeb495682a2da4c71ec2813cd8ec0e8d7a52f647a7bb99c20faa"
dependencies = [
 "indiscriminant_impl",
 "num-bigint",
]

[[package]]
name = "indiscriminant_impl"
version = "0.5.0"
source = "registry+https://github.com/rust-lang/crates.io-index"
checksum = "c563b83169bcc3f7e550633047eb125a89869e16a074b93f25909c40f160247f"
dependencies = [
 "indiscriminant_lib",
 "proc-macro-crate",
 "proc-macro2",
 "quote",
 "syn",
]

[[package]]
name = "indiscriminant_lib"
version = "0.5.0"
source = "registry+https://github.com/rust-lang/crates.io-index"
checksum = "ed8f0507a7570c18f98b6bd6dfd26bc30e275ebbdf2ccd94ef4db5f40077d12f"
dependencies = [
 "num-bigint",
 "proc-macro2",
 "quote",
 "syn",
]

[[package]]
name = "linkme"
version = "0.3.37"
source = "registry+https://github.com/rust-lang/crates.io-index"
checksum = "3045e122bd98aef8ec3ad58ce84f0791f64e70163d1a02710af4aa11a4d54cc5"
dependencies = [
 "linkme-impl",
]

[[package]]
name = "linkme-impl"
version = "0.3.37"
source = "registry+https://github.com/rust-lang/crates.io-index"
checksum = "77060ebe535362c3da75682cd17b0431017b6e7c5661e714fc69a7ad017d1301"
dependencies = [
 "proc-macro2",
 "quote",
 "syn",
]

[[package]]
name = "mem_tb"
version = "0.1.0"
dependencies = [
 "rustdv",
 "rustdv-vpi-stubs",
 "rustdv_utils",
]

[[package]]
name = "memchr"
version = "2.8.3"
source = "registry+https://github.com/rust-lang/crates.io-index"
checksum = "cf8baf1c55e62ffcace7a9f06f4bd9cd3f0c4beb022d3b367256b91b87513d98"

[[package]]
name = "num-bigint"
version = "0.5.1"
source = "registry+https://github.com/rust-lang/crates.io-index"
checksum = "93e7820bc0a80a0238e650327316f929ba18d5be054b647490a3a6a339f3e7c0"
dependencies = [
 "num-integer",
 "num-traits",
]

[[package]]
name = "num-integer"
version = "0.1.47"
source = "registry+https://github.com/rust-lang/crates.io-index"
checksum = "7ce2d95d4b3734dc35aa2f45e1aa22cd416814592a4f9d9205e11affd5b8e10b"
dependencies = [
 "num-traits",
]

[[package]]
name = "num-traits"
version = "0.2.19"
source = "registry+https://github.com/rust-lang/crates.io-index"
checksum = "071dfc062690e90b734c0b2273ce72ad0ffa95f0c74596bc250dcfd960262841"
dependencies = [
 "autocfg",
]

[[package]]
name = "paste"
version = "1.0.15"
source = "registry+https://github.com/rust-lang/crates.io-index"
checksum = "57c0d7b74b563b49d38dae00a0c37d4d6de9b432382b2892f0574ddcae73fd0a"

[[package]]
name = "proc-macro-crate"
version = "3.5.0"
source = "registry+https://github.com/rust-lang/crates.io-index"
checksum = "e67ba7e9b2b56446f1d419b1d807906278ffa1a658a8a5d8a39dcb1f5a78614f"
dependencies = [
 "toml_edit",
]

[[package]]
name = "proc-macro2"
version = "1.0.107"
source = "registry+https://github.com/rust-lang/crates.io-index"
checksum = "985e7ec9bb745e6ce6535b544d84d6cd6f7ad8bd711c398938ae983b91a766d9"
dependencies = [
 "unicode-ident",
]

[[package]]
name = "quote"
version = "1.0.47"
source = "registry+https://github.com/rust-lang/crates.io-index"
checksum = "1fbf4db142a473a8d80c26bbf18454ed458bf8d26c8219c331daecfdbd079001"
dependencies = [
 "proc-macro2",
]

[[package]]
name = "rrs-lib"
version = "0.1.0"
source = "registry+https://github.com/rust-lang/crates.io-index"
checksum = "b4382d3af3a4ebdae7f64ba6edd9114fff92c89808004c4943b393377a25d001"
dependencies = [
 "downcast-rs",
 "paste",
]

[[package]]
name = "rustdv"
version = "0.2.0"
source = "git+https://github.com/dagronlund/rustdv.git?branch=fix%2Fphase-wait#52efb48098360608abe507a8759a2d0bc5909ccb"
dependencies = [
 "linkme",
 "rustdv-gpi",
 "rustdv-macros",
 "rustdv-methodology",
 "rustdv-runner",
 "rustdv-sim",
]

[[package]]
name = "rustdv-gpi"
version = "0.2.0"
source = "git+https://github.com/dagronlund/rustdv.git?branch=fix%2Fphase-wait#52efb48098360608abe507a8759a2d0bc5909ccb"
dependencies = [
 "num-bigint",
 "rustdv-gpi-sys",
]

[[package]]
name = "rustdv-gpi-sys"
version = "0.2.0"
source = "git+https://github.com/dagronlund/rustdv.git?branch=fix%2Fphase-wait#52efb48098360608abe507a8759a2d0bc5909ccb"

[[package]]
name = "rustdv-macros"
version = "0.2.0"
source = "git+https://github.com/dagronlund/rustdv.git?branch=fix%2Fphase-wait#52efb48098360608abe507a8759a2d0bc5909ccb"
dependencies = [
 "proc-macro2",
 "quote",
 "syn",
]

[[package]]
name = "rustdv-methodology"
version = "0.2.0"
source = "git+https://github.com/dagronlund/rustdv.git?branch=fix%2Fphase-wait#52efb48098360608abe507a8759a2d0bc5909ccb"
dependencies = [
 "linkme",
 "rustdv-sim",
]

[[package]]
name = "rustdv-runner"
version = "0.2.0"
source = "git+https://github.com/dagronlund/rustdv.git?branch=fix%2Fphase-wait#52efb48098360608abe507a8759a2d0bc5909ccb"
dependencies = [
 "linkme",
 "rustdv-gpi",
 "rustdv-methodology",
 "rustdv-sim",
]

[[package]]
name = "rustdv-sim"
version = "0.2.0"
source = "git+https://github.com/dagronlund/rustdv.git?branch=fix%2Fphase-wait#52efb48098360608abe507a8759a2d0bc5909ccb"
dependencies = [
 "rustdv-gpi",
]

[[package]]
name = "rustdv-vpi-stubs"
version = "0.2.0"
source = "git+https://github.com/dagronlund/rustdv.git?branch=fix%2Fphase-wait#52efb48098360608abe507a8759a2d0bc5909ccb"
dependencies = [
 "rustdv-gpi-sys",
]

[[package]]
name = "rustdv_utils"
version = "0.1.0"
dependencies = [
 "indiscriminant",
 "rustdv",
]

[[package]]
name = "serde_core"
version = "1.0.229"
source = "registry+https://github.com/rust-lang/crates.io-index"
checksum = "67dca2c9c51e58a4791a4b1ed58308b39c64224d349a935ab5039aa360942a48"
dependencies = [
 "serde_derive",
]

[[package]]
name = "serde_derive"
version = "1.0.229"
source = "registry+https://github.com/rust-lang/crates.io-index"
checksum = "e7a5d71263a5a7d47b41f6b3f06ba276f10cc18b0931f1799f710578e2309348"
dependencies = [
 "proc-macro2",
 "quote",
 "syn",
]

[[package]]
name = "stream_tb"
version = "0.1.0"
dependencies = [
 "rustdv",
 "rustdv-vpi-stubs",
 "rustdv_utils",
]

[[package]]
name = "syn"
version = "3.0.4"
source = "registry+https://github.com/rust-lang/crates.io-index"
checksum = "e6275cddf4610d1775e6d1fe9469b2e77d0f39fd98fb7450901b821e0c53649f"
dependencies = [
 "proc-macro2",
 "quote",
 "unicode-ident",
]

[[package]]
name = "toml_datetime"
version = "1.1.1+spec-1.1.0"
source = "registry+https://github.com/rust-lang/crates.io-index"
checksum = "3165f65f62e28e0115a00b2ebdd37eb6f3b641855f9d636d3cd4103767159ad7"
dependencies = [
 "serde_core",
]

[[package]]
name = "toml_edit"
version = "0.25.13+spec-1.1.0"
source = "registry+https://github.com/rust-lang/crates.io-index"
checksum = "6975367e4d2ef766d86af01ffad14b622fecc8d4357a998fbc4deb6e9bacaf9b"
dependencies = [
 "indexmap",
 "toml_datetime",
 "toml_parser",
 "winnow",
]

[[package]]
name = "toml_parser"
version = "1.1.3+spec-1.1.0"
source = "registry+https://github.com/rust-lang/crates.io-index"
checksum = "1d38ac1cf9b95face32296c0a3ede1fdc270627c9d9c02a7274dd6d960dc4d56"
dependencies = [
 "winnow",
]

[[package]]
name = "unicode-ident"
version = "1.0.24"
source = "registry+https://github.com/rust-lang/crates.io-index"
checksum = "e6e4313cd5fcd3dad5cafa179702e2b244f760991f45397d14d4ebf38247da75"

[[package]]
name = "winnow"
version = "1.0.4"
source = "registry+https://github.com/rust-lang/crates.io-index"
checksum = "23b97319f7b8343df12cc98938e5c3eb436064524c8d2b4e30a1d3a36eecdf81"
dependencies = [
 "memchr",
]
